// !$*UTF8*$!
{
	archiveVersion = 1;
	classes = {
	};
	objectVersion = 55;
	objects = {

/* Begin PBXBuildFile section */
		6E3C4D65295D97BC004E60AB /* ShopCollectionReusableView.swift in Sources */ = {isa = PBXBuildFile; fileRef = 6E3C4D64295D97BC004E60AB /* ShopCollectionReusableView.swift */; };
		6E3C4D67295D9818004E60AB /* ShopCollectionViewCell.swift in Sources */ = {isa = PBXBuildFile; fileRef = 6E3C4D66295D9818004E60AB /* ShopCollectionViewCell.swift */; };
		6E4857652951B8DF0063BEAB /* MenuViewController.swift in Sources */ = {isa = PBXBuildFile; fileRef = 6E4857642951B8DF0063BEAB /* MenuViewController.swift */; };
		6E4857672951C3670063BEAB /* MenuTableViewCell.swift in Sources */ = {isa = PBXBuildFile; fileRef = 6E4857662951C3670063BEAB /* MenuTableViewCell.swift */; };
		6E6693ED29506287006F2986 /* Decode.swift in Sources */ = {isa = PBXBuildFile; fileRef = 6E6693EC29506287006F2986 /* Decode.swift */; };
		6E6693EF29506440006F2986 /* Store.swift in Sources */ = {isa = PBXBuildFile; fileRef = 6E6693EE29506440006F2986 /* Store.swift */; };
		6E6693F12950644E006F2986 /* Drink.swift in Sources */ = {isa = PBXBuildFile; fileRef = 6E6693F02950644E006F2986 /* Drink.swift */; };
		6E6693F32950645A006F2986 /* OrderDrink.swift in Sources */ = {isa = PBXBuildFile; fileRef = 6E6693F22950645A006F2986 /* OrderDrink.swift */; };
		6E6693F529506466006F2986 /* Order.swift in Sources */ = {isa = PBXBuildFile; fileRef = 6E6693F429506466006F2986 /* Order.swift */; };
		6E6693F72950646F006F2986 /* Variables.swift in Sources */ = {isa = PBXBuildFile; fileRef = 6E6693F62950646F006F2986 /* Variables.swift */; };
		6E718764295D90CA00A55602 /* ShopViewController.swift in Sources */ = {isa = PBXBuildFile; fileRef = 6E718763295D90CA00A55602 /* ShopViewController.swift */; };
		6EBCED87294C62C1004911AB /* AppDelegate.swift in Sources */ = {isa = PBXBuildFile; fileRef = 6EBCED86294C62C1004911AB /* AppDelegate.swift */; };
		6EBCED89294C62C1004911AB /* SceneDelegate.swift in Sources */ = {isa = PBXBuildFile; fileRef = 6EBCED88294C62C1004911AB /* SceneDelegate.swift */; };
		6EBCED8E294C62C1004911AB /* Main.storyboard in Resources */ = {isa = PBXBuildFile; fileRef = 6EBCED8C294C62C1004911AB /* Main.storyboard */; };
		6EBCED90294C62C2004911AB /* Assets.xcassets in Resources */ = {isa = PBXBuildFile; fileRef = 6EBCED8F294C62C2004911AB /* Assets.xcassets */; };
		6EBCED93294C62C2004911AB /* LaunchScreen.storyboard in Resources */ = {isa = PBXBuildFile; fileRef = 6EBCED91294C62C2004911AB /* LaunchScreen.storyboard */; };
		6EBCEDA3294C65C4004911AB /* stores.json in Resources */ = {isa = PBXBuildFile; fileRef = 6EBCEDA2294C65C4004911AB /* stores.json */; };
		6EC57E87295431A3009FF256 /* MenuDetailViewController.swift in Sources */ = {isa = PBXBuildFile; fileRef = 6EC57E86295431A3009FF256 /* MenuDetailViewController.swift */; };
		6EC57E8929546E00009FF256 /* StoreViewController.swift in Sources */ = {isa = PBXBuildFile; fileRef = 6EC57E8829546E00009FF256 /* StoreViewController.swift */; };
		6ED1D13A29547E7800F2985F /* StoreTableViewCell.swift in Sources */ = {isa = PBXBuildFile; fileRef = 6ED1D13929547E7800F2985F /* StoreTableViewCell.swift */; };
/* End PBXBuildFile section */

/* Begin PBXFileReference section */
		6E3C4D64295D97BC004E60AB /* ShopCollectionReusableView.swift */ = {isa = PBXFileReference; lastKnownFileType = sourcecode.swift; path = ShopCollectionReusableView.swift; sourceTree = "<group>"; };
		6E3C4D66295D9818004E60AB /* ShopCollectionViewCell.swift */ = {isa = PBXFileReference; lastKnownFileType = sourcecode.swift; path = ShopCollectionViewCell.swift; sourceTree = "<group>"; };
		6E4857642951B8DF0063BEAB /* MenuViewController.swift */ = {isa = PBXFileReference; lastKnownFileType = sourcecode.swift; path = MenuViewController.swift; sourceTree = "<group>"; };
		6E4857662951C3670063BEAB /* MenuTableViewCell.swift */ = {isa = PBXFileReference; lastKnownFileType = sourcecode.swift; path = MenuTableViewCell.swift; sourceTree = "<group>"; };
		6E6693EC29506287006F2986 /* Decode.swift */ = {isa = PBXFileReference; lastKnownFileType = sourcecode.swift; path = Decode.swift; sourceTree = "<group>"; };
		6E6693EE29506440006F2986 /* Store.swift */ = {isa = PBXFileReference; lastKnownFileType = sourcecode.swift; path = Store.swift; sourceTree = "<group>"; };
		6E6693F02950644E006F2986 /* Drink.swift */ = {isa = PBXFileReference; lastKnownFileType = sourcecode.swift; path = Drink.swift; sourceTree = "<group>"; };
		6E6693F22950645A006F2986 /* OrderDrink.swift */ = {isa = PBXFileReference; lastKnownFileType = sourcecode.swift; path = OrderDrink.swift; sourceTree = "<group>"; };
		6E6693F429506466006F2986 /* Order.swift */ = {isa = PBXFileReference; lastKnownFileType = sourcecode.swift; path = Order.swift; sourceTree = "<group>"; };
		6E6693F62950646F006F2986 /* Variables.swift */ = {isa = PBXFileReference; lastKnownFileType = sourcecode.swift; path = Variables.swift; sourceTree = "<group>"; };
		6E718763295D90CA00A55602 /* ShopViewController.swift */ = {isa = PBXFileReference; lastKnownFileType = sourcecode.swift; path = ShopViewController.swift; sourceTree = "<group>"; };
		6EBCED83294C62C1004911AB /* TEA_TOP.app */ = {isa = PBXFileReference; explicitFileType = wrapper.application; includeInIndex = 0; path = TEA_TOP.app; sourceTree = BUILT_PRODUCTS_DIR; };
		6EBCED86294C62C1004911AB /* AppDelegate.swift */ = {isa = PBXFileReference; lastKnownFileType = sourcecode.swift; path = AppDelegate.swift; sourceTree = "<group>"; };
		6EBCED88294C62C1004911AB /* SceneDelegate.swift */ = {isa = PBXFileReference; lastKnownFileType = sourcecode.swift; path = SceneDelegate.swift; sourceTree = "<group>"; };
		6EBCED8D294C62C1004911AB /* Base */ = {isa = PBXFileReference; lastKnownFileType = file.storyboard; name = Base; path = Base.lproj/Main.storyboard; sourceTree = "<group>"; };
		6EBCED8F294C62C2004911AB /* Assets.xcassets */ = {isa = PBXFileReference; lastKnownFileType = folder.assetcatalog; path = Assets.xcassets; sourceTree = "<group>"; };
		6EBCED92294C62C2004911AB /* Base */ = {isa = PBXFileReference; lastKnownFileType = file.storyboard; name = Base; path = Base.lproj/LaunchScreen.storyboard; sourceTree = "<group>"; };
		6EBCED94294C62C2004911AB /* Info.plist */ = {isa = PBXFileReference; lastKnownFileType = text.plist.xml; path = Info.plist; sourceTree = "<group>"; };
		6EBCEDA2294C65C4004911AB /* stores.json */ = {isa = PBXFileReference; lastKnownFileType = text.json; path = stores.json; sourceTree = "<group>"; };
		6EC57E86295431A3009FF256 /* MenuDetailViewController.swift */ = {isa = PBXFileReference; lastKnownFileType = sourcecode.swift; path = MenuDetailViewController.swift; sourceTree = "<group>"; };
		6EC57E8829546E00009FF256 /* StoreViewController.swift */ = {isa = PBXFileReference; lastKnownFileType = sourcecode.swift; path = StoreViewController.swift; sourceTree = "<group>"; };
		6ED1D13929547E7800F2985F /* StoreTableViewCell.swift */ = {isa = PBXFileReference; lastKnownFileType = sourcecode.swift; path = StoreTableViewCell.swift; sourceTree = "<group>"; };
/* End PBXFileReference section */

/* Begin PBXFrameworksBuildPhase section */
		6EBCED80294C62C1004911AB /* Frameworks */ = {
			isa = PBXFrameworksBuildPhase;
			buildActionMask = 2147483647;
			files = (
			);
			runOnlyForDeploymentPostprocessing = 0;
		};
/* End PBXFrameworksBuildPhase section */

/* Begin PBXGroup section */
		6EBCED7A294C62C0004911AB = {
			isa = PBXGroup;
			children = (
				6EBCED85294C62C1004911AB /* TEA_TOP */,
				6EBCED84294C62C1004911AB /* Products */,
			);
			sourceTree = "<group>";
		};
		6EBCED84294C62C1004911AB /* Products */ = {
			isa = PBXGroup;
			children = (
				6EBCED83294C62C1004911AB /* TEA_TOP.app */,
			);
			name = Products;
			sourceTree = "<group>";
		};
		6EBCED85294C62C1004911AB /* TEA_TOP */ = {
			isa = PBXGroup;
			children = (
				6EBCED9A294C6390004911AB /* Data */,
				6EBCED9B294C63A2004911AB /* Model */,
				6EBCED9C294C63B8004911AB /* View */,
				6EBCED9D294C63C3004911AB /* Controller */,
				6EBCED86294C62C1004911AB /* AppDelegate.swift */,
				6EBCED88294C62C1004911AB /* SceneDelegate.swift */,
				6EBCED8C294C62C1004911AB /* Main.storyboard */,
				6EBCED8F294C62C2004911AB /* Assets.xcassets */,
				6EBCED91294C62C2004911AB /* LaunchScreen.storyboard */,
				6EBCED94294C62C2004911AB /* Info.plist */,
			);
			path = TEA_TOP;
			sourceTree = "<group>";
		};
		6EBCED9A294C6390004911AB /* Data */ = {
			isa = PBXGroup;
			children = (
				6EBCEDA2294C65C4004911AB /* stores.json */,
			);
			path = Data;
			sourceTree = "<group>";
		};
		6EBCED9B294C63A2004911AB /* Model */ = {
			isa = PBXGroup;
			children = (
				6E6693EC29506287006F2986 /* Decode.swift */,
				6E6693F02950644E006F2986 /* Drink.swift */,
				6E6693EE29506440006F2986 /* Store.swift */,
				6E6693F22950645A006F2986 /* OrderDrink.swift */,
				6E6693F429506466006F2986 /* Order.swift */,
				6E6693F62950646F006F2986 /* Variables.swift */,
			);
			path = Model;
			sourceTree = "<group>";
		};
		6EBCED9C294C63B8004911AB /* View */ = {
			isa = PBXGroup;
			children = (
				6E4857662951C3670063BEAB /* MenuTableViewCell.swift */,
				6ED1D13929547E7800F2985F /* StoreTableViewCell.swift */,
				6E3C4D64295D97BC004E60AB /* ShopCollectionReusableView.swift */,
				6E3C4D66295D9818004E60AB /* ShopCollectionViewCell.swift */,
			);
			path = View;
			sourceTree = "<group>";
		};
		6EBCED9D294C63C3004911AB /* Controller */ = {
			isa = PBXGroup;
			children = (
				6E4857642951B8DF0063BEAB /* MenuViewController.swift */,
				6E718763295D90CA00A55602 /* ShopViewController.swift */,
				6EC57E86295431A3009FF256 /* MenuDetailViewController.swift */,
				6EC57E8829546E00009FF256 /* StoreViewController.swift */,
			);
			path = Controller;
			sourceTree = "<group>";
		};
/* End PBXGroup section */

/* Begin PBXNativeTarget section */
		6EBCED82294C62C1004911AB /* TEA_TOP */ = {
			isa = PBXNativeTarget;
			buildConfigurationList = 6EBCED97294C62C2004911AB /* Build configuration list for PBXNativeTarget "TEA_TOP" */;
			buildPhases = (
				6EBCED7F294C62C1004911AB /* Sources */,
				6EBCED80294C62C1004911AB /* Frameworks */,
				6EBCED81294C62C1004911AB /* Resources */,
			);
			buildRules = (
			);
			dependencies = (
			);
			name = TEA_TOP;
			productName = TEA_TOP;
			productReference = 6EBCED83294C62C1004911AB /* TEA_TOP.app */;
			productType = "com.apple.product-type.application";
		};
/* End PBXNativeTarget section */

/* Begin PBXProject section */
		6EBCED7B294C62C0004911AB /* Project object */ = {
			isa = PBXProject;
			attributes = {
				BuildIndependentTargetsInParallel = 1;
				LastSwiftUpdateCheck = 1340;
				LastUpgradeCheck = 1340;
				TargetAttributes = {
					6EBCED82294C62C1004911AB = {
						CreatedOnToolsVersion = 13.4.1;
					};
				};
			};
			buildConfigurationList = 6EBCED7E294C62C1004911AB /* Build configuration list for PBXProject "TEA_TOP" */;
			compatibilityVersion = "Xcode 13.0";
			developmentRegion = en;
			hasScannedForEncodings = 0;
			knownRegions = (
				en,
				Base,
			);
			mainGroup = 6EBCED7A294C62C0004911AB;
			productRefGroup = 6EBCED84294C62C1004911AB /* Products */;
			projectDirPath = "";
			projectRoot = "";
			targets = (
				6EBCED82294C62C1004911AB /* TEA_TOP */,
			);
		};
/* End PBXProject section */

/* Begin PBXResourcesBuildPhase section */
		6EBCED81294C62C1004911AB /* Resources */ = {
			isa = PBXResourcesBuildPhase;
			buildActionMask = 2147483647;
			files = (
				6EBCED93294C62C2004911AB /* LaunchScreen.storyboard in Resources */,
				6EBCED90294C62C2004911AB /* Assets.xcassets in Resources */,
				6EBCED8E294C62C1004911AB /* Main.storyboard in Resources */,
				6EBCEDA3294C65C4004911AB /* stores.json in Resources */,
			);
			runOnlyForDeploymentPostprocessing = 0;
		};
/* End PBXResourcesBuildPhase section */

/* Begin PBXSourcesBuildPhase section */
		6EBCED7F294C62C1004911AB /* Sources */ = {
			isa = PBXSourcesBuildPhase;
			buildActionMask = 2147483647;
			files = (
				6ED1D13A29547E7800F2985F /* StoreTableViewCell.swift in Sources */,
				6EBCED87294C62C1004911AB /* AppDelegate.swift in Sources */,
				6E6693F32950645A006F2986 /* OrderDrink.swift in Sources */,
				6E6693ED29506287006F2986 /* Decode.swift in Sources */,
				6E6693F72950646F006F2986 /* Variables.swift in Sources */,
				6E4857672951C3670063BEAB /* MenuTableViewCell.swift in Sources */,
				6EC57E87295431A3009FF256 /* MenuDetailViewController.swift in Sources */,
				6E4857652951B8DF0063BEAB /* MenuViewController.swift in Sources */,
				6E3C4D67295D9818004E60AB /* ShopCollectionViewCell.swift in Sources */,
				6EBCED89294C62C1004911AB /* SceneDelegate.swift in Sources */,
				6EC57E8929546E00009FF256 /* StoreViewController.swift in Sources */,
				6E6693F12950644E006F2986 /* Drink.swift in Sources */,
				6E6693EF29506440006F2986 /* Store.swift in Sources */,
				6E3C4D65295D97BC004E60AB /* ShopCollectionReusableView.swift in Sources */,
				6E718764295D90CA00A55602 /* ShopViewController.swift in Sources */,
				6E6693F529506466006F2986 /* Order.swift in Sources */,
			);
			runOnlyForDeploymentPostprocessing = 0;
		};
/* End PBXSourcesBuildPhase section */

/* Begin PBXVariantGroup section */
		6EBCED8C294C62C1004911AB /* Main.storyboard */ = {
			isa = PBXVariantGroup;
			children = (
				6EBCED8D294C62C1004911AB /* Base */,
			);
			name = Main.storyboard;
			sourceTree = "<group>";
		};
		6EBCED91294C62C2004911AB /* LaunchScreen.storyboard */ = {
			isa = PBXVariantGroup;
			children = (
				6EBCED92294C62C2004911AB /* Base */,
			);
			name = LaunchScreen.storyboard;
			sourceTree = "<group>";
		};
/* End PBXVariantGroup section */

/* Begin XCBuildConfiguration section */
		6EBCED95294C62C2004911AB /* Debug */ = {
			isa = XCBuildConfiguration;
			buildSettings = {
				ALWAYS_SEARCH_USER_PATHS = NO;
				CLANG_ANALYZER_NONNULL = YES;
				CLANG_ANALYZER_NUMBER_OBJECT_CONVERSION = YES_AGGRESSIVE;
				CLANG_CXX_LANGUAGE_STANDARD = "gnu++17";
				CLANG_ENABLE_MODULES = YES;
				CLANG_ENABLE_OBJC_ARC = YES;
				CLANG_ENABLE_OBJC_WEAK = YES;
				CLANG_WARN_BLOCK_CAPTURE_AUTORELEASING = YES;
				CLANG_WARN_BOOL_CONVERSION = YES;
				CLANG_WARN_COMMA = YES;
				CLANG_WARN_CONSTANT_CONVERSION = YES;
				CLANG_WARN_DEPRECATED_OBJC_IMPLEMENTATIONS = YES;
				CLANG_WARN_DIRECT_OBJC_ISA_USAGE = YES_ERROR;
				CLANG_WARN_DOCUMENTATION_COMMENTS = YES;
				CLANG_WARN_EMPTY_BODY = YES;
				CLANG_WARN_ENUM_CONVERSION = YES;
				CLANG_WARN_INFINITE_RECURSION = YES;
				CLANG_WARN_INT_CONVERSION = YES;
				CLANG_WARN_NON_LITERAL_NULL_CONVERSION = YES;
				CLANG_WARN_OBJC_IMPLICIT_RETAIN_SELF = YES;
				CLANG_WARN_OBJC_LITERAL_CONVERSION = YES;
				CLANG_WARN_OBJC_ROOT_CLASS = YES_ERROR;
				CLANG_WARN_QUOTED_INCLUDE_IN_FRAMEWORK_HEADER = YES;
				CLANG_WARN_RANGE_LOOP_ANALYSIS = YES;
				CLANG_WARN_STRICT_PROTOTYPES = YES;
				CLANG_WARN_SUSPICIOUS_MOVE = YES;
				CLANG_WARN_UNGUARDED_AVAILABILITY = YES_AGGRESSIVE;
				CLANG_WARN_UNREACHABLE_CODE = YES;
				CLANG_WARN__DUPLICATE_METHOD_MATCH = YES;
				COPY_PHASE_STRIP = NO;
				DEBUG_INFORMATION_FORMAT = dwarf;
				ENABLE_STRICT_OBJC_MSGSEND = YES;
				ENABLE_TESTABILITY = YES;
				GCC_C_LANGUAGE_STANDARD = gnu11;
				GCC_DYNAMIC_NO_PIC = NO;
				GCC_NO_COMMON_BLOCKS = YES;
				GCC_OPTIMIZATION_LEVEL = 0;
				GCC_PREPROCESSOR_DEFINITIONS = (
					"DEBUG=1",
					"$(inherited)",
				);
				GCC_WARN_64_TO_32_BIT_CONVERSION = YES;
				GCC_WARN_ABOUT_RETURN_TYPE = YES_ERROR;
				GCC_WARN_UNDECLARED_SELECTOR = YES;
				GCC_WARN_UNINITIALIZED_AUTOS = YES_AGGRESSIVE;
				GCC_WARN_UNUSED_FUNCTION = YES;
				GCC_WARN_UNUSED_VARIABLE = YES;
				IPHONEOS_DEPLOYMENT_TARGET = 15.5;
				MTL_ENABLE_DEBUG_INFO = INCLUDE_SOURCE;
				MTL_FAST_MATH = YES;
				ONLY_ACTIVE_ARCH = YES;
				SDKROOT = iphoneos;
				SWIFT_ACTIVE_COMPILATION_CONDITIONS = DEBUG;
				SWIFT_OPTIMIZATION_LEVEL = "-Onone";
			};
			name = Debug;
		};
		6EBCED96294C62C2004911AB /* Release */ = {
			isa = XCBuildConfiguration;
			buildSettings = {
				ALWAYS_SEARCH_USER_PATHS = NO;
				CLANG_ANALYZER_NONNULL = YES;
				CLANG_ANALYZER_NUMBER_OBJECT_CONVERSION = YES_AGGRESSIVE;
				CLANG_CXX_LANGUAGE_STANDARD = "gnu++17";
				CLANG_ENABLE_MODULES = YES;
				CLANG_ENABLE_OBJC_ARC = YES;
				CLANG_ENABLE_OBJC_WEAK = YES;
				CLANG_WARN_BLOCK_CAPTURE_AUTORELEASING = YES;
				CLANG_WARN_BOOL_CONVERSION = YES;
				CLANG_WARN_COMMA = YES;
				CLANG_WARN_CONSTANT_CONVERSION = YES;
				CLANG_WARN_DEPRECATED_OBJC_IMPLEMENTATIONS = YES;
				CLANG_WARN_DIRECT_OBJC_ISA_USAGE = YES_ERROR;
				CLANG_WARN_DOCUMENTATION_COMMENTS = YES;
				CLANG_WARN_EMPTY_BODY = YES;
				CLANG_WARN_ENUM_CONVERSION = YES;
				CLANG_WARN_INFINITE_RECURSION = YES;
				CLANG_WARN_INT_CONVERSION = YES;
				CLANG_WARN_NON_LITERAL_NULL_CONVERSION = YES;
				CLANG_WARN_OBJC_IMPLICIT_RETAIN_SELF = YES;
				CLANG_WARN_OBJC_LITERAL_CONVERSION = YES;
				CLANG_WARN_OBJC_ROOT_CLASS = YES_ERROR;
				CLANG_WARN_QUOTED_INCLUDE_IN_FRAMEWORK_HEADER = YES;
				CLANG_WARN_RANGE_LOOP_ANALYSIS = YES;
				CLANG_WARN_STRICT_PROTOTYPES = YES;
				CLANG_WARN_SUSPICIOUS_MOVE = YES;
				CLANG_WARN_UNGUARDED_AVAILABILITY = YES_AGGRESSIVE;
				CLANG_WARN_UNREACHABLE_CODE = YES;
				CLANG_WARN__DUPLICATE_METHOD_MATCH = YES;
				COPY_PHASE_STRIP = NO;
				DEBUG_INFORMATION_FORMAT = "dwarf-with-dsym";
				ENABLE_NS_ASSERTIONS = NO;
				ENABLE_STRICT_OBJC_MSGSEND = YES;
				GCC_C_LANGUAGE_STANDARD = gnu11;
				GCC_NO_COMMON_BLOCKS = YES;
				GCC_WARN_64_TO_32_BIT_CONVERSION = YES;
				GCC_WARN_ABOUT_RETURN_TYPE = YES_ERROR;
				GCC_WARN_UNDECLARED_SELECTOR = YES;
				GCC_WARN_UNINITIALIZED_AUTOS = YES_AGGRESSIVE;
				GCC_WARN_UNUSED_FUNCTION = YES;
				GCC_WARN_UNUSED_VARIABLE = YES;
				IPHONEOS_DEPLOYMENT_TARGET = 15.5;
				MTL_ENABLE_DEBUG_INFO = NO;
				MTL_FAST_MATH = YES;
				SDKROOT = iphoneos;
				SWIFT_COMPILATION_MODE = wholemodule;
				SWIFT_OPTIMIZATION_LEVEL = "-O";
				VALIDATE_PRODUCT = YES;
			};
			name = Release;
		};
		6EBCED98294C62C2004911AB /* Debug */ = {
			isa = XCBuildConfiguration;
			buildSettings = {
				ASSETCATALOG_COMPILER_APPICON_NAME = AppIcon;
				ASSETCATALOG_COMPILER_GLOBAL_ACCENT_COLOR_NAME = AccentColor;
				CODE_SIGN_STYLE = Automatic;
				CURRENT_PROJECT_VERSION = 1;
				DEVELOPMENT_TEAM = SS7CLBA4Q4;
				GENERATE_INFOPLIST_FILE = YES;
				INFOPLIST_FILE = TEA_TOP/Info.plist;
				INFOPLIST_KEY_UIApplicationSupportsIndirectInputEvents = YES;
				INFOPLIST_KEY_UILaunchStoryboardName = LaunchScreen;
				INFOPLIST_KEY_UIMainStoryboardFile = Main;
				INFOPLIST_KEY_UISupportedInterfaceOrientations_iPad = "UIInterfaceOrientationPortrait UIInterfaceOrientationPortraitUpsideDown UIInterfaceOrientationLandscapeLeft UIInterfaceOrientationLandscapeRight";
				INFOPLIST_KEY_UISupportedInterfaceOrientations_iPhone = "UIInterfaceOrientationPortrait UIInterfaceOrientationLandscapeLeft UIInterfaceOrientationLandscapeRight";
				LD_RUNPATH_SEARCH_PATHS = (
					"$(inherited)",
					"@executable_path/Frameworks",
				);
				MARKETING_VERSION = 1.0;
				PRODUCT_BUNDLE_IDENTIFIER = "com.TEA-TOP";
				PRODUCT_NAME = "$(TARGET_NAME)";
				SWIFT_EMIT_LOC_STRINGS = YES;
				SWIFT_VERSION = 5.0;
				TARGETED_DEVICE_FAMILY = "1,2";
			};
			name = Debug;
		};
		6EBCED99294C62C2004911AB /* Release */ = {
			isa = XCBuildConfiguration;
			buildSettings = {
				ASSETCATALOG_COMPILER_APPICON_NAME = AppIcon;
				ASSETCATALOG_COMPILER_GLOBAL_ACCENT_COLOR_NAME = AccentColor;
				CODE_SIGN_STYLE = Automatic;
				CURRENT_PROJECT_VERSION = 1;
				DEVELOPMENT_TEAM = SS7CLBA4Q4;
				GENERATE_INFOPLIST_FILE = YES;
				INFOPLIST_FILE = TEA_TOP/Info.plist;
				INFOPLIST_KEY_UIApplicationSupportsIndirectInputEvents = YES;
				INFOPLIST_KEY_UILaunchStoryboardName = LaunchScreen;
				INFOPLIST_KEY_UIMainStoryboardFile = Main;
				INFOPLIST_KEY_UISupportedInterfaceOrientations_iPad = "UIInterfaceOrientationPortrait UIInterfaceOrientationPortraitUpsideDown UIInterfaceOrientationLandscapeLeft UIInterfaceOrientationLandscapeRight";
				INFOPLIST_KEY_UISupportedInterfaceOrientations_iPhone = "UIInterfaceOrientationPortrait UIInterfaceOrientationLandscapeLeft UIInterfaceOrientationLandscapeRight";
				LD_RUNPATH_SEARCH_PATHS = (
					"$(inherited)",
					"@executable_path/Frameworks",
				);
				MARKETING_VERSION = 1.0;
				PRODUCT_BUNDLE_IDENTIFIER = "com.TEA-TOP";
				PRODUCT_NAME = "$(TARGET_NAME)";
				SWIFT_EMIT_LOC_STRINGS = YES;
				SWIFT_VERSION = 5.0;
				TARGETED_DEVICE_FAMILY = "1,2";
			};
			name = Release;
		};
/* End XCBuildConfiguration section */

/* Begin XCConfigurationList section */
		6EBCED7E294C62C1004911AB /* Build configuration list for PBXProject "TEA_TOP" */ = {
			isa = XCConfigurationList;
			buildConfigurations = (
				6EBCED95294C62C2004911AB /* Debug */,
				6EBCED96294C62C2004911AB /* Release */,
			);
			defaultConfigurationIsVisible = 0;
			defaultConfigurationName = Release;
		};
		6EBCED97294C62C2004911AB /* Build configuration list for PBXNativeTarget "TEA_TOP" */ = {
			isa = XCConfigurationList;
			buildConfigurations = (
				6EBCED98294C62C2004911AB /* Debug */,
				6EBCED99294C62C2004911AB /* Release */,
			);
			defaultConfigurationIsVisible = 0;
			defaultConfigurationName = Release;
		};
/* End XCConfigurationList section */
	};
	rootObject = 6EBCED7B294C62C0004911AB /* Project object */;
}
